
Microsoft Visual Studio Solution File, Format Version 12.00
# Visual Studio Version 16
VisualStudioVersion = 16.0.29201.188
MinimumVisualStudioVersion = 10.0.40219.1
Project("{FAE04EC0-301F-11D3-BF4B-00C04F79EFBC}") = "134 enum", "134 enum\134 enum.csproj", "{D9F38FE7-34B3-47C4-934F-E7D730502171}"
EndProject
Global
	GlobalSection(SolutionConfigurationPlatforms) = preSolution
		Debug|Any CPU = Debug|Any CPU
		Release|Any CPU = Release|Any CPU
	EndGlobalSection
	GlobalSection(ProjectConfigurationPlatforms) = postSolution
		{D9F38FE7-34B3-47C4-934F-E7D730502171}.Debug|Any CPU.ActiveCfg = Debug|Any CPU
		{D9F38FE7-34B3-47C4-934F-E7D730502171}.Debug|Any CPU.Build.0 = Debug|Any CPU
		{D9F38FE7-34B3-47C4-934F-E7D730502171}.Release|Any CPU.ActiveCfg = Release|Any CPU
		{D9F38FE7-34B3-47C4-934F-E7D730502171}.Release|Any CPU.Build.0 = Release|Any CPU
	EndGlobalSection
	GlobalSection(SolutionProperties) = preSolution
		HideSolutionNode = FALSE
	EndGlobalSection
	GlobalSection(ExtensibilityGlobals) = postSolution
		SolutionGuid = {2B9002B1-9486-4509-9C65-AB4688149CD1}
	EndGlobalSection
EndGlobal
