
Microsoft Visual Studio Solution File, Format Version 12.00
# Visual Studio Version 16
VisualStudioVersion = 16.0.29102.190
MinimumVisualStudioVersion = 10.0.40219.1
Project("{FAE04EC0-301F-11D3-BF4B-00C04F79EFBC}") = "Array and List Project", "Array and List Project\Array and List Project.csproj", "{C7E15108-1840-4762-92D2-3CBA6B4FC328}"
EndProject
Global
	GlobalSection(SolutionConfigurationPlatforms) = preSolution
		Debug|Any CPU = Debug|Any CPU
		Release|Any CPU = Release|Any CPU
	EndGlobalSection
	GlobalSection(ProjectConfigurationPlatforms) = postSolution
		{C7E15108-1840-4762-92D2-3CBA6B4FC328}.Debug|Any CPU.ActiveCfg = Debug|Any CPU
		{C7E15108-1840-4762-92D2-3CBA6B4FC328}.Debug|Any CPU.Build.0 = Debug|Any CPU
		{C7E15108-1840-4762-92D2-3CBA6B4FC328}.Release|Any CPU.ActiveCfg = Release|Any CPU
		{C7E15108-1840-4762-92D2-3CBA6B4FC328}.Release|Any CPU.Build.0 = Release|Any CPU
	EndGlobalSection
	GlobalSection(SolutionProperties) = preSolution
		HideSolutionNode = FALSE
	EndGlobalSection
	GlobalSection(ExtensibilityGlobals) = postSolution
		SolutionGuid = {F923A223-4D11-43F1-837D-0A6E41174BD9}
	EndGlobalSection
EndGlobal
