
Microsoft Visual Studio Solution File, Format Version 12.00
# Visual Studio Version 16
VisualStudioVersion = 16.0.29215.179
MinimumVisualStudioVersion = 10.0.40219.1
Project("{FAE04EC0-301F-11D3-BF4B-00C04F79EFBC}") = "154 Log", "154 Log\154 Log.csproj", "{8161AA03-3BAF-4CDF-949B-1950DB9C3F55}"
EndProject
Global
	GlobalSection(SolutionConfigurationPlatforms) = preSolution
		Debug|Any CPU = Debug|Any CPU
		Release|Any CPU = Release|Any CPU
	EndGlobalSection
	GlobalSection(ProjectConfigurationPlatforms) = postSolution
		{8161AA03-3BAF-4CDF-949B-1950DB9C3F55}.Debug|Any CPU.ActiveCfg = Debug|Any CPU
		{8161AA03-3BAF-4CDF-949B-1950DB9C3F55}.Debug|Any CPU.Build.0 = Debug|Any CPU
		{8161AA03-3BAF-4CDF-949B-1950DB9C3F55}.Release|Any CPU.ActiveCfg = Release|Any CPU
		{8161AA03-3BAF-4CDF-949B-1950DB9C3F55}.Release|Any CPU.Build.0 = Release|Any CPU
	EndGlobalSection
	GlobalSection(SolutionProperties) = preSolution
		HideSolutionNode = FALSE
	EndGlobalSection
	GlobalSection(ExtensibilityGlobals) = postSolution
		SolutionGuid = {45182289-E763-405E-A58A-C84EEAB2FC7E}
	EndGlobalSection
EndGlobal
