
Microsoft Visual Studio Solution File, Format Version 12.00
# Visual Studio Version 16
VisualStudioVersion = 16.0.29201.188
MinimumVisualStudioVersion = 10.0.40219.1
Project("{FAE04EC0-301F-11D3-BF4B-00C04F79EFBC}") = "140 Lambda", "140 Lambda\140 Lambda.csproj", "{FE18DBA7-03C6-485F-BC56-6625040A363A}"
EndProject
Global
	GlobalSection(SolutionConfigurationPlatforms) = preSolution
		Debug|Any CPU = Debug|Any CPU
		Release|Any CPU = Release|Any CPU
	EndGlobalSection
	GlobalSection(ProjectConfigurationPlatforms) = postSolution
		{FE18DBA7-03C6-485F-BC56-6625040A363A}.Debug|Any CPU.ActiveCfg = Debug|Any CPU
		{FE18DBA7-03C6-485F-BC56-6625040A363A}.Debug|Any CPU.Build.0 = Debug|Any CPU
		{FE18DBA7-03C6-485F-BC56-6625040A363A}.Release|Any CPU.ActiveCfg = Release|Any CPU
		{FE18DBA7-03C6-485F-BC56-6625040A363A}.Release|Any CPU.Build.0 = Release|Any CPU
	EndGlobalSection
	GlobalSection(SolutionProperties) = preSolution
		HideSolutionNode = FALSE
	EndGlobalSection
	GlobalSection(ExtensibilityGlobals) = postSolution
		SolutionGuid = {FA8E4C10-74B4-432C-B4FB-78C4B0D8D6A5}
	EndGlobalSection
EndGlobal
